
Microsoft Visual Studio Solution File, Format Version 12.00
# Visual Studio Version 17
VisualStudioVersion = 17.12.35514.174
MinimumVisualStudioVersion = 10.0.40219.1
Project("{9A19103F-16F7-4668-BE54-9A1E7A4F7556}") = "DatesAndStuff", "DatesAndStuff\src\DatesAndStuff\DatesAndStuff.csproj", "{4B0B8ACE-6E87-4FE3-8873-F186C5FF66E8}"
EndProject
Project("{9A19103F-16F7-4668-BE54-9A1E7A4F7556}") = "DatesAndStuff.Tests", "DatesAndStuff\test\DatesAndStuff.Tests\DatesAndStuff.Tests.csproj", "{2872B081-A50B-47E7-B172-24C00459FD94}"
EndProject
Project("{9A19103F-16F7-4668-BE54-9A1E7A4F7556}") = "DatesAndStuff.Web", "DatesAndStuff.Web\src\DatesAndStuff.Web\DatesAndStuff.Web.csproj", "{C26B5784-90B7-4791-8311-32262D62B225}"
EndProject
Project("{9A19103F-16F7-4668-BE54-9A1E7A4F7556}") = "DatesAndStuff.Web.Tests", "DatesAndStuff.Web\test\DatesAndStuff.Web.Tests\DatesAndStuff.Web.Tests.csproj", "{CAF4EC27-5F48-41FD-84AA-05A3E1B6068C}"
EndProject
Global
	GlobalSection(SolutionConfigurationPlatforms) = preSolution
		Debug|Any CPU = Debug|Any CPU
		Release|Any CPU = Release|Any CPU
	EndGlobalSection
	GlobalSection(ProjectConfigurationPlatforms) = postSolution
		{4B0B8ACE-6E87-4FE3-8873-F186C5FF66E8}.Debug|Any CPU.ActiveCfg = Debug|Any CPU
		{4B0B8ACE-6E87-4FE3-8873-F186C5FF66E8}.Debug|Any CPU.Build.0 = Debug|Any CPU
		{4B0B8ACE-6E87-4FE3-8873-F186C5FF66E8}.Release|Any CPU.ActiveCfg = Release|Any CPU
		{4B0B8ACE-6E87-4FE3-8873-F186C5FF66E8}.Release|Any CPU.Build.0 = Release|Any CPU
		{2872B081-A50B-47E7-B172-24C00459FD94}.Debug|Any CPU.ActiveCfg = Debug|Any CPU
		{2872B081-A50B-47E7-B172-24C00459FD94}.Debug|Any CPU.Build.0 = Debug|Any CPU
		{2872B081-A50B-47E7-B172-24C00459FD94}.Release|Any CPU.ActiveCfg = Release|Any CPU
		{2872B081-A50B-47E7-B172-24C00459FD94}.Release|Any CPU.Build.0 = Release|Any CPU
		{C26B5784-90B7-4791-8311-32262D62B225}.Debug|Any CPU.ActiveCfg = Debug|Any CPU
		{C26B5784-90B7-4791-8311-32262D62B225}.Debug|Any CPU.Build.0 = Debug|Any CPU
		{C26B5784-90B7-4791-8311-32262D62B225}.Release|Any CPU.ActiveCfg = Release|Any CPU
		{C26B5784-90B7-4791-8311-32262D62B225}.Release|Any CPU.Build.0 = Release|Any CPU
		{CAF4EC27-5F48-41FD-84AA-05A3E1B6068C}.Debug|Any CPU.ActiveCfg = Debug|Any CPU
		{CAF4EC27-5F48-41FD-84AA-05A3E1B6068C}.Debug|Any CPU.Build.0 = Debug|Any CPU
		{CAF4EC27-5F48-41FD-84AA-05A3E1B6068C}.Release|Any CPU.ActiveCfg = Release|Any CPU
		{CAF4EC27-5F48-41FD-84AA-05A3E1B6068C}.Release|Any CPU.Build.0 = Release|Any CPU
	EndGlobalSection
	GlobalSection(SolutionProperties) = preSolution
		HideSolutionNode = FALSE
	EndGlobalSection
	GlobalSection(ExtensibilityGlobals) = postSolution
		SolutionGuid = {072DD0E0-68A0-4BB2-8702-C202D35403FB}
	EndGlobalSection
EndGlobal
